
Microsoft Visual Studio Solution File, Format Version 12.00
# Visual Studio Version 17
VisualStudioVersion = 17.6.33829.357
MinimumVisualStudioVersion = 10.0.40219.1
Project("{FAE04EC0-301F-11D3-BF4B-00C04F79EFBC}") = "DAL", "DAL\DAL.csproj", "{5203EAB0-57CC-4DFD-8F7F-5601995A5480}"
EndProject
Project("{FAE04EC0-301F-11D3-BF4B-00C04F79EFBC}") = "Lab_AutoMapper", "Lab_AutoMapper\Lab_AutoMapper.csproj", "{C0103AEE-16C0-46FA-92A0-2C0C43515D98}"
EndProject
Global
	GlobalSection(SolutionConfigurationPlatforms) = preSolution
		Debug|Any CPU = Debug|Any CPU
		Release|Any CPU = Release|Any CPU
	EndGlobalSection
	GlobalSection(ProjectConfigurationPlatforms) = postSolution
		{5203EAB0-57CC-4DFD-8F7F-5601995A5480}.Debug|Any CPU.ActiveCfg = Debug|Any CPU
		{5203EAB0-57CC-4DFD-8F7F-5601995A5480}.Debug|Any CPU.Build.0 = Debug|Any CPU
		{5203EAB0-57CC-4DFD-8F7F-5601995A5480}.Release|Any CPU.ActiveCfg = Release|Any CPU
		{5203EAB0-57CC-4DFD-8F7F-5601995A5480}.Release|Any CPU.Build.0 = Release|Any CPU
		{C0103AEE-16C0-46FA-92A0-2C0C43515D98}.Debug|Any CPU.ActiveCfg = Debug|Any CPU
		{C0103AEE-16C0-46FA-92A0-2C0C43515D98}.Debug|Any CPU.Build.0 = Debug|Any CPU
		{C0103AEE-16C0-46FA-92A0-2C0C43515D98}.Release|Any CPU.ActiveCfg = Release|Any CPU
		{C0103AEE-16C0-46FA-92A0-2C0C43515D98}.Release|Any CPU.Build.0 = Release|Any CPU
	EndGlobalSection
	GlobalSection(SolutionProperties) = preSolution
		HideSolutionNode = FALSE
	EndGlobalSection
	GlobalSection(ExtensibilityGlobals) = postSolution
		SolutionGuid = {32307A7B-DDEA-4AC8-BDA5-3058B4B65625}
	EndGlobalSection
EndGlobal
