
Microsoft Visual Studio Solution File, Format Version 12.00
# Visual Studio Version 17
VisualStudioVersion = 17.4.33110.190
MinimumVisualStudioVersion = 10.0.40219.1
Project("{FAE04EC0-301F-11D3-BF4B-00C04F79EFBC}") = "Lab_Routing_Navigation", "Lab_Routing_Navigation\Lab_Routing_Navigation.csproj", "{2C14E69E-D59D-4381-A5A6-39A05E49B0C6}"
EndProject
Global
	GlobalSection(SolutionConfigurationPlatforms) = preSolution
		Debug|Any CPU = Debug|Any CPU
		Release|Any CPU = Release|Any CPU
	EndGlobalSection
	GlobalSection(ProjectConfigurationPlatforms) = postSolution
		{2C14E69E-D59D-4381-A5A6-39A05E49B0C6}.Debug|Any CPU.ActiveCfg = Debug|Any CPU
		{2C14E69E-D59D-4381-A5A6-39A05E49B0C6}.Debug|Any CPU.Build.0 = Debug|Any CPU
		{2C14E69E-D59D-4381-A5A6-39A05E49B0C6}.Release|Any CPU.ActiveCfg = Release|Any CPU
		{2C14E69E-D59D-4381-A5A6-39A05E49B0C6}.Release|Any CPU.Build.0 = Release|Any CPU
	EndGlobalSection
	GlobalSection(SolutionProperties) = preSolution
		HideSolutionNode = FALSE
	EndGlobalSection
	GlobalSection(ExtensibilityGlobals) = postSolution
		SolutionGuid = {3D5EB625-E0B6-4F49-B39F-12BAC787FF5C}
	EndGlobalSection
EndGlobal
