
Microsoft Visual Studio Solution File, Format Version 12.00
# Visual Studio Version 17
VisualStudioVersion = 17.4.33110.190
MinimumVisualStudioVersion = 10.0.40219.1
Project("{FAE04EC0-301F-11D3-BF4B-00C04F79EFBC}") = "Lab-DataPassing", "Lab-DataPassing\Lab-DataPassing.csproj", "{1A4884F4-A47D-42B4-BAB7-295933379C1B}"
EndProject
Global
	GlobalSection(SolutionConfigurationPlatforms) = preSolution
		Debug|Any CPU = Debug|Any CPU
		Release|Any CPU = Release|Any CPU
	EndGlobalSection
	GlobalSection(ProjectConfigurationPlatforms) = postSolution
		{1A4884F4-A47D-42B4-BAB7-295933379C1B}.Debug|Any CPU.ActiveCfg = Debug|Any CPU
		{1A4884F4-A47D-42B4-BAB7-295933379C1B}.Debug|Any CPU.Build.0 = Debug|Any CPU
		{1A4884F4-A47D-42B4-BAB7-295933379C1B}.Release|Any CPU.ActiveCfg = Release|Any CPU
		{1A4884F4-A47D-42B4-BAB7-295933379C1B}.Release|Any CPU.Build.0 = Release|Any CPU
	EndGlobalSection
	GlobalSection(SolutionProperties) = preSolution
		HideSolutionNode = FALSE
	EndGlobalSection
	GlobalSection(ExtensibilityGlobals) = postSolution
		SolutionGuid = {374287C7-F70E-4C39-90C5-8D1BC9C9AB7F}
	EndGlobalSection
EndGlobal
